
Microsoft Visual Studio Solution File, Format Version 12.00
# Visual Studio Version 17
VisualStudioVersion = 17.6.33815.320
MinimumVisualStudioVersion = 10.0.40219.1
Project("{9A19103F-16F7-4668-BE54-9A1E7A4F7556}") = "PackIT.API", "PackIT.API\PackIT.API.csproj", "{3E904CF0-7891-4C0C-9609-F9A1248C12F0}"
EndProject
Project("{9A19103F-16F7-4668-BE54-9A1E7A4F7556}") = "PackIT.Domain", "PackIT.Domain\PackIT.Domain.csproj", "{B99A2F03-014F-4909-8870-657DE6C7DDB1}"
EndProject
Project("{2150E333-8FDC-42A3-9474-1A3956D46DE8}") = "Shared", "Shared", "{B2D7D59B-8CF9-4081-AA65-B37C24F518BF}"
EndProject
Project("{9A19103F-16F7-4668-BE54-9A1E7A4F7556}") = "PackIT.Shared", "PackIT.Shared\PackIT.Shared.csproj", "{52815566-4796-4FF8-984E-586F492E0809}"
EndProject
Project("{9A19103F-16F7-4668-BE54-9A1E7A4F7556}") = "PackIT.SharedAbstractions", "PackIT.SharedAbstractions\PackIT.SharedAbstractions.csproj", "{8786138F-48A4-40FB-AC08-017549E565E5}"
EndProject
Project("{FAE04EC0-301F-11D3-BF4B-00C04F79EFBC}") = "PackIT.Application", "PackIT.Application\PackIT.Application.csproj", "{F712680A-BCA0-4467-A22C-488BB383C740}"
EndProject
Project("{FAE04EC0-301F-11D3-BF4B-00C04F79EFBC}") = "PackIT.Infrastructure", "PackIT.Infrastructure\PackIT.Infrastructure.csproj", "{DC11B832-4808-473A-8FBB-6D5503D89FD0}"
EndProject
Global
	GlobalSection(SolutionConfigurationPlatforms) = preSolution
		Debug|Any CPU = Debug|Any CPU
		Release|Any CPU = Release|Any CPU
	EndGlobalSection
	GlobalSection(ProjectConfigurationPlatforms) = postSolution
		{3E904CF0-7891-4C0C-9609-F9A1248C12F0}.Debug|Any CPU.ActiveCfg = Debug|Any CPU
		{3E904CF0-7891-4C0C-9609-F9A1248C12F0}.Debug|Any CPU.Build.0 = Debug|Any CPU
		{3E904CF0-7891-4C0C-9609-F9A1248C12F0}.Release|Any CPU.ActiveCfg = Release|Any CPU
		{3E904CF0-7891-4C0C-9609-F9A1248C12F0}.Release|Any CPU.Build.0 = Release|Any CPU
		{B99A2F03-014F-4909-8870-657DE6C7DDB1}.Debug|Any CPU.ActiveCfg = Debug|Any CPU
		{B99A2F03-014F-4909-8870-657DE6C7DDB1}.Debug|Any CPU.Build.0 = Debug|Any CPU
		{B99A2F03-014F-4909-8870-657DE6C7DDB1}.Release|Any CPU.ActiveCfg = Release|Any CPU
		{B99A2F03-014F-4909-8870-657DE6C7DDB1}.Release|Any CPU.Build.0 = Release|Any CPU
		{52815566-4796-4FF8-984E-586F492E0809}.Debug|Any CPU.ActiveCfg = Debug|Any CPU
		{52815566-4796-4FF8-984E-586F492E0809}.Debug|Any CPU.Build.0 = Debug|Any CPU
		{52815566-4796-4FF8-984E-586F492E0809}.Release|Any CPU.ActiveCfg = Release|Any CPU
		{52815566-4796-4FF8-984E-586F492E0809}.Release|Any CPU.Build.0 = Release|Any CPU
		{8786138F-48A4-40FB-AC08-017549E565E5}.Debug|Any CPU.ActiveCfg = Debug|Any CPU
		{8786138F-48A4-40FB-AC08-017549E565E5}.Debug|Any CPU.Build.0 = Debug|Any CPU
		{8786138F-48A4-40FB-AC08-017549E565E5}.Release|Any CPU.ActiveCfg = Release|Any CPU
		{8786138F-48A4-40FB-AC08-017549E565E5}.Release|Any CPU.Build.0 = Release|Any CPU
		{F712680A-BCA0-4467-A22C-488BB383C740}.Debug|Any CPU.ActiveCfg = Debug|Any CPU
		{F712680A-BCA0-4467-A22C-488BB383C740}.Debug|Any CPU.Build.0 = Debug|Any CPU
		{F712680A-BCA0-4467-A22C-488BB383C740}.Release|Any CPU.ActiveCfg = Release|Any CPU
		{F712680A-BCA0-4467-A22C-488BB383C740}.Release|Any CPU.Build.0 = Release|Any CPU
		{DC11B832-4808-473A-8FBB-6D5503D89FD0}.Debug|Any CPU.ActiveCfg = Debug|Any CPU
		{DC11B832-4808-473A-8FBB-6D5503D89FD0}.Debug|Any CPU.Build.0 = Debug|Any CPU
		{DC11B832-4808-473A-8FBB-6D5503D89FD0}.Release|Any CPU.ActiveCfg = Release|Any CPU
		{DC11B832-4808-473A-8FBB-6D5503D89FD0}.Release|Any CPU.Build.0 = Release|Any CPU
	EndGlobalSection
	GlobalSection(SolutionProperties) = preSolution
		HideSolutionNode = FALSE
	EndGlobalSection
	GlobalSection(NestedProjects) = preSolution
		{52815566-4796-4FF8-984E-586F492E0809} = {B2D7D59B-8CF9-4081-AA65-B37C24F518BF}
		{8786138F-48A4-40FB-AC08-017549E565E5} = {B2D7D59B-8CF9-4081-AA65-B37C24F518BF}
	EndGlobalSection
	GlobalSection(ExtensibilityGlobals) = postSolution
		SolutionGuid = {554E3D62-45C7-4A1A-904E-F1049B87CBE9}
	EndGlobalSection
EndGlobal
